
Microsoft Visual Studio Solution File, Format Version 12.00
# Visual Studio 15
VisualStudioVersion = 15.0.28307.421
MinimumVisualStudioVersion = 10.0.40219.1
Project("{FAE04EC0-301F-11D3-BF4B-00C04F79EFBC}") = "In-Memory-KVStore-With-Transaction", "In-Memory-KVStore-With-Transaction\In-Memory-KVStore-With-Transaction.csproj", "{2273A709-0283-4974-8675-DEE03C0C0A65}"
EndProject
Global
	GlobalSection(SolutionConfigurationPlatforms) = preSolution
		Debug|Any CPU = Debug|Any CPU
		Release|Any CPU = Release|Any CPU
	EndGlobalSection
	GlobalSection(ProjectConfigurationPlatforms) = postSolution
		{2273A709-0283-4974-8675-DEE03C0C0A65}.Debug|Any CPU.ActiveCfg = Debug|Any CPU
		{2273A709-0283-4974-8675-DEE03C0C0A65}.Debug|Any CPU.Build.0 = Debug|Any CPU
		{2273A709-0283-4974-8675-DEE03C0C0A65}.Release|Any CPU.ActiveCfg = Release|Any CPU
		{2273A709-0283-4974-8675-DEE03C0C0A65}.Release|Any CPU.Build.0 = Release|Any CPU
	EndGlobalSection
	GlobalSection(SolutionProperties) = preSolution
		HideSolutionNode = FALSE
	EndGlobalSection
	GlobalSection(ExtensibilityGlobals) = postSolution
		SolutionGuid = {BD7C7DC2-4E9B-4897-9707-0729244C5908}
	EndGlobalSection
EndGlobal
