// !$*UTF8*$!
{
	archiveVersion = 1;
	classes = {
	};
	objectVersion = 46;
	objects = {

/* Begin PBXBuildFile section */
		A2EAA5E61EC37FEB00C61A94 /* main.m in Sources */ = {isa = PBXBuildFile; fileRef = A2EAA5E51EC37FEB00C61A94 /* main.m */; };
		A2EAA5E91EC37FEB00C61A94 /* AppDelegate.m in Sources */ = {isa = PBXBuildFile; fileRef = A2EAA5E81EC37FEB00C61A94 /* AppDelegate.m */; };
		A2EAA5EF1EC37FEB00C61A94 /* Main.storyboard in Resources */ = {isa = PBXBuildFile; fileRef = A2EAA5ED1EC37FEB00C61A94 /* Main.storyboard */; };
		A2EAA5F11EC37FEB00C61A94 /* Assets.xcassets in Resources */ = {isa = PBXBuildFile; fileRef = A2EAA5F01EC37FEB00C61A94 /* Assets.xcassets */; };
		A2EAA5F41EC37FEB00C61A94 /* LaunchScreen.storyboard in Resources */ = {isa = PBXBuildFile; fileRef = A2EAA5F21EC37FEB00C61A94 /* LaunchScreen.storyboard */; };
		A2EAA6001EC380FC00C61A94 /* StockCell.m in Sources */ = {isa = PBXBuildFile; fileRef = A2EAA5FF1EC380FC00C61A94 /* StockCell.m */; };
		A2EAA6031EC3811100C61A94 /* StockList.m in Sources */ = {isa = PBXBuildFile; fileRef = A2EAA6021EC3811100C61A94 /* StockList.m */; };
		A2EAA6061EC3824300C61A94 /* Stock.m in Sources */ = {isa = PBXBuildFile; fileRef = A2EAA6051EC3824300C61A94 /* Stock.m */; };
		A2EAA6091EC3845B00C61A94 /* StockViewController.m in Sources */ = {isa = PBXBuildFile; fileRef = A2EAA6081EC3845B00C61A94 /* StockViewController.m */; };
		A2EAA60D1EC4463700C61A94 /* QuartzCore.framework in Frameworks */ = {isa = PBXBuildFile; fileRef = A2EAA60C1EC4463700C61A94 /* QuartzCore.framework */; };
		A2EAA6101EC46B4B00C61A94 /* StockDetailCell.m in Sources */ = {isa = PBXBuildFile; fileRef = A2EAA60F1EC46B4B00C61A94 /* StockDetailCell.m */; };
		A2EAA6131EC46B7000C61A94 /* StockDetailViewController.m in Sources */ = {isa = PBXBuildFile; fileRef = A2EAA6121EC46B7000C61A94 /* StockDetailViewController.m */; };
/* End PBXBuildFile section */

/* Begin PBXFileReference section */
		A2EAA5E11EC37FEB00C61A94 /* stock.app */ = {isa = PBXFileReference; explicitFileType = wrapper.application; includeInIndex = 0; path = stock.app; sourceTree = BUILT_PRODUCTS_DIR; };
		A2EAA5E51EC37FEB00C61A94 /* main.m */ = {isa = PBXFileReference; lastKnownFileType = sourcecode.c.objc; path = main.m; sourceTree = "<group>"; };
		A2EAA5E71EC37FEB00C61A94 /* AppDelegate.h */ = {isa = PBXFileReference; lastKnownFileType = sourcecode.c.h; path = AppDelegate.h; sourceTree = "<group>"; };
		A2EAA5E81EC37FEB00C61A94 /* AppDelegate.m */ = {isa = PBXFileReference; lastKnownFileType = sourcecode.c.objc; path = AppDelegate.m; sourceTree = "<group>"; };
		A2EAA5EE1EC37FEB00C61A94 /* Base */ = {isa = PBXFileReference; lastKnownFileType = file.storyboard; name = Base; path = Base.lproj/Main.storyboard; sourceTree = "<group>"; };
		A2EAA5F01EC37FEB00C61A94 /* Assets.xcassets */ = {isa = PBXFileReference; lastKnownFileType = folder.assetcatalog; path = Assets.xcassets; sourceTree = "<group>"; };
		A2EAA5F31EC37FEB00C61A94 /* Base */ = {isa = PBXFileReference; lastKnownFileType = file.storyboard; name = Base; path = Base.lproj/LaunchScreen.storyboard; sourceTree = "<group>"; };
		A2EAA5F51EC37FEB00C61A94 /* Info.plist */ = {isa = PBXFileReference; lastKnownFileType = text.plist.xml; path = Info.plist; sourceTree = "<group>"; };
		A2EAA5FE1EC380FC00C61A94 /* StockCell.h */ = {isa = PBXFileReference; fileEncoding = 4; lastKnownFileType = sourcecode.c.h; path = StockCell.h; sourceTree = "<group>"; };
		A2EAA5FF1EC380FC00C61A94 /* StockCell.m */ = {isa = PBXFileReference; fileEncoding = 4; lastKnownFileType = sourcecode.c.objc; path = StockCell.m; sourceTree = "<group>"; };
		A2EAA6011EC3811100C61A94 /* StockList.h */ = {isa = PBXFileReference; fileEncoding = 4; lastKnownFileType = sourcecode.c.h; path = StockList.h; sourceTree = "<group>"; };
		A2EAA6021EC3811100C61A94 /* StockList.m */ = {isa = PBXFileReference; fileEncoding = 4; lastKnownFileType = sourcecode.c.objc; path = StockList.m; sourceTree = "<group>"; };
		A2EAA6041EC3824300C61A94 /* Stock.h */ = {isa = PBXFileReference; fileEncoding = 4; lastKnownFileType = sourcecode.c.h; path = Stock.h; sourceTree = "<group>"; };
		A2EAA6051EC3824300C61A94 /* Stock.m */ = {isa = PBXFileReference; fileEncoding = 4; lastKnownFileType = sourcecode.c.objc; path = Stock.m; sourceTree = "<group>"; };
		A2EAA6071EC3845B00C61A94 /* StockViewController.h */ = {isa = PBXFileReference; fileEncoding = 4; lastKnownFileType = sourcecode.c.h; path = StockViewController.h; sourceTree = "<group>"; };
		A2EAA6081EC3845B00C61A94 /* StockViewController.m */ = {isa = PBXFileReference; fileEncoding = 4; lastKnownFileType = sourcecode.c.objc; path = StockViewController.m; sourceTree = "<group>"; };
		A2EAA60C1EC4463700C61A94 /* QuartzCore.framework */ = {isa = PBXFileReference; lastKnownFileType = wrapper.framework; name = QuartzCore.framework; path = System/Library/Frameworks/QuartzCore.framework; sourceTree = SDKROOT; };
		A2EAA60E1EC46B4B00C61A94 /* StockDetailCell.h */ = {isa = PBXFileReference; fileEncoding = 4; lastKnownFileType = sourcecode.c.h; path = StockDetailCell.h; sourceTree = "<group>"; };
		A2EAA60F1EC46B4B00C61A94 /* StockDetailCell.m */ = {isa = PBXFileReference; fileEncoding = 4; lastKnownFileType = sourcecode.c.objc; path = StockDetailCell.m; sourceTree = "<group>"; };
		A2EAA6111EC46B7000C61A94 /* StockDetailViewController.h */ = {isa = PBXFileReference; fileEncoding = 4; lastKnownFileType = sourcecode.c.h; path = StockDetailViewController.h; sourceTree = "<group>"; };
		A2EAA6121EC46B7000C61A94 /* StockDetailViewController.m */ = {isa = PBXFileReference; fileEncoding = 4; lastKnownFileType = sourcecode.c.objc; path = StockDetailViewController.m; sourceTree = "<group>"; };
/* End PBXFileReference section */

/* Begin PBXFrameworksBuildPhase section */
		A2EAA5DE1EC37FEB00C61A94 /* Frameworks */ = {
			isa = PBXFrameworksBuildPhase;
			buildActionMask = 2147483647;
			files = (
				A2EAA60D1EC4463700C61A94 /* QuartzCore.framework in Frameworks */,
			);
			runOnlyForDeploymentPostprocessing = 0;
		};
/* End PBXFrameworksBuildPhase section */

/* Begin PBXGroup section */
		A2EAA5D81EC37FEB00C61A94 = {
			isa = PBXGroup;
			children = (
				A2EAA5E31EC37FEB00C61A94 /* stock */,
				A2EAA5E21EC37FEB00C61A94 /* Products */,
				A2EAA60B1EC4463700C61A94 /* Frameworks */,
			);
			sourceTree = "<group>";
		};
		A2EAA5E21EC37FEB00C61A94 /* Products */ = {
			isa = PBXGroup;
			children = (
				A2EAA5E11EC37FEB00C61A94 /* stock.app */,
			);
			name = Products;
			sourceTree = "<group>";
		};
		A2EAA5E31EC37FEB00C61A94 /* stock */ = {
			isa = PBXGroup;
			children = (
				A2EAA5ED1EC37FEB00C61A94 /* Main.storyboard */,
				A2EAA5E71EC37FEB00C61A94 /* AppDelegate.h */,
				A2EAA5E81EC37FEB00C61A94 /* AppDelegate.m */,
				A2EAA5FE1EC380FC00C61A94 /* StockCell.h */,
				A2EAA5FF1EC380FC00C61A94 /* StockCell.m */,
				A2EAA60E1EC46B4B00C61A94 /* StockDetailCell.h */,
				A2EAA60F1EC46B4B00C61A94 /* StockDetailCell.m */,
				A2EAA6041EC3824300C61A94 /* Stock.h */,
				A2EAA6051EC3824300C61A94 /* Stock.m */,
				A2EAA6011EC3811100C61A94 /* StockList.h */,
				A2EAA6021EC3811100C61A94 /* StockList.m */,
				A2EAA6071EC3845B00C61A94 /* StockViewController.h */,
				A2EAA6081EC3845B00C61A94 /* StockViewController.m */,
				A2EAA6111EC46B7000C61A94 /* StockDetailViewController.h */,
				A2EAA6121EC46B7000C61A94 /* StockDetailViewController.m */,
				A2EAA5F51EC37FEB00C61A94 /* Info.plist */,
				A2EAA5E41EC37FEB00C61A94 /* Supporting Files */,
			);
			path = stock;
			sourceTree = "<group>";
		};
		A2EAA5E41EC37FEB00C61A94 /* Supporting Files */ = {
			isa = PBXGroup;
			children = (
				A2EAA5F01EC37FEB00C61A94 /* Assets.xcassets */,
				A2EAA5F21EC37FEB00C61A94 /* LaunchScreen.storyboard */,
				A2EAA5E51EC37FEB00C61A94 /* main.m */,
			);
			name = "Supporting Files";
			sourceTree = "<group>";
		};
		A2EAA60B1EC4463700C61A94 /* Frameworks */ = {
			isa = PBXGroup;
			children = (
				A2EAA60C1EC4463700C61A94 /* QuartzCore.framework */,
			);
			name = Frameworks;
			sourceTree = "<group>";
		};
/* End PBXGroup section */

/* Begin PBXNativeTarget section */
		A2EAA5E01EC37FEB00C61A94 /* stock */ = {
			isa = PBXNativeTarget;
			buildConfigurationList = A2EAA5F81EC37FEB00C61A94 /* Build configuration list for PBXNativeTarget "stock" */;
			buildPhases = (
				A2EAA5DD1EC37FEB00C61A94 /* Sources */,
				A2EAA5DE1EC37FEB00C61A94 /* Frameworks */,
				A2EAA5DF1EC37FEB00C61A94 /* Resources */,
			);
			buildRules = (
			);
			dependencies = (
			);
			name = stock;
			productName = stock;
			productReference = A2EAA5E11EC37FEB00C61A94 /* stock.app */;
			productType = "com.apple.product-type.application";
		};
/* End PBXNativeTarget section */

/* Begin PBXProject section */
		A2EAA5D91EC37FEB00C61A94 /* Project object */ = {
			isa = PBXProject;
			attributes = {
				LastUpgradeCheck = 0830;
				ORGANIZATIONNAME = ZhangZehua;
				TargetAttributes = {
					A2EAA5E01EC37FEB00C61A94 = {
						CreatedOnToolsVersion = 8.3.2;
						ProvisioningStyle = Automatic;
					};
				};
			};
			buildConfigurationList = A2EAA5DC1EC37FEB00C61A94 /* Build configuration list for PBXProject "stock" */;
			compatibilityVersion = "Xcode 3.2";
			developmentRegion = English;
			hasScannedForEncodings = 0;
			knownRegions = (
				en,
				Base,
			);
			mainGroup = A2EAA5D81EC37FEB00C61A94;
			productRefGroup = A2EAA5E21EC37FEB00C61A94 /* Products */;
			projectDirPath = "";
			projectRoot = "";
			targets = (
				A2EAA5E01EC37FEB00C61A94 /* stock */,
			);
		};
/* End PBXProject section */

/* Begin PBXResourcesBuildPhase section */
		A2EAA5DF1EC37FEB00C61A94 /* Resources */ = {
			isa = PBXResourcesBuildPhase;
			buildActionMask = 2147483647;
			files = (
				A2EAA5F41EC37FEB00C61A94 /* LaunchScreen.storyboard in Resources */,
				A2EAA5F11EC37FEB00C61A94 /* Assets.xcassets in Resources */,
				A2EAA5EF1EC37FEB00C61A94 /* Main.storyboard in Resources */,
			);
			runOnlyForDeploymentPostprocessing = 0;
		};
/* End PBXResourcesBuildPhase section */

/* Begin PBXSourcesBuildPhase section */
		A2EAA5DD1EC37FEB00C61A94 /* Sources */ = {
			isa = PBXSourcesBuildPhase;
			buildActionMask = 2147483647;
			files = (
				A2EAA6001EC380FC00C61A94 /* StockCell.m in Sources */,
				A2EAA6061EC3824300C61A94 /* Stock.m in Sources */,
				A2EAA6031EC3811100C61A94 /* StockList.m in Sources */,
				A2EAA6091EC3845B00C61A94 /* StockViewController.m in Sources */,
				A2EAA6131EC46B7000C61A94 /* StockDetailViewController.m in Sources */,
				A2EAA5E91EC37FEB00C61A94 /* AppDelegate.m in Sources */,
				A2EAA5E61EC37FEB00C61A94 /* main.m in Sources */,
				A2EAA6101EC46B4B00C61A94 /* StockDetailCell.m in Sources */,
			);
			runOnlyForDeploymentPostprocessing = 0;
		};
/* End PBXSourcesBuildPhase section */

/* Begin PBXVariantGroup section */
		A2EAA5ED1EC37FEB00C61A94 /* Main.storyboard */ = {
			isa = PBXVariantGroup;
			children = (
				A2EAA5EE1EC37FEB00C61A94 /* Base */,
			);
			name = Main.storyboard;
			sourceTree = "<group>";
		};
		A2EAA5F21EC37FEB00C61A94 /* LaunchScreen.storyboard */ = {
			isa = PBXVariantGroup;
			children = (
				A2EAA5F31EC37FEB00C61A94 /* Base */,
			);
			name = LaunchScreen.storyboard;
			sourceTree = "<group>";
		};
/* End PBXVariantGroup section */

/* Begin XCBuildConfiguration section */
		A2EAA5F61EC37FEB00C61A94 /* Debug */ = {
			isa = XCBuildConfiguration;
			buildSettings = {
				ALWAYS_SEARCH_USER_PATHS = NO;
				CLANG_ANALYZER_NONNULL = YES;
				CLANG_ANALYZER_NUMBER_OBJECT_CONVERSION = YES_AGGRESSIVE;
				CLANG_CXX_LANGUAGE_STANDARD = "gnu++0x";
				CLANG_CXX_LIBRARY = "libc++";
				CLANG_ENABLE_MODULES = YES;
				CLANG_ENABLE_OBJC_ARC = YES;
				CLANG_WARN_BOOL_CONVERSION = YES;
				CLANG_WARN_CONSTANT_CONVERSION = YES;
				CLANG_WARN_DIRECT_OBJC_ISA_USAGE = YES_ERROR;
				CLANG_WARN_DOCUMENTATION_COMMENTS = YES;
				CLANG_WARN_EMPTY_BODY = YES;
				CLANG_WARN_ENUM_CONVERSION = YES;
				CLANG_WARN_INFINITE_RECURSION = YES;
				CLANG_WARN_INT_CONVERSION = YES;
				CLANG_WARN_OBJC_ROOT_CLASS = YES_ERROR;
				CLANG_WARN_SUSPICIOUS_MOVE = YES;
				CLANG_WARN_UNREACHABLE_CODE = YES;
				CLANG_WARN__DUPLICATE_METHOD_MATCH = YES;
				"CODE_SIGN_IDENTITY[sdk=iphoneos*]" = "iPhone Developer";
				COPY_PHASE_STRIP = NO;
				DEBUG_INFORMATION_FORMAT = dwarf;
				ENABLE_STRICT_OBJC_MSGSEND = YES;
				ENABLE_TESTABILITY = YES;
				GCC_C_LANGUAGE_STANDARD = gnu99;
				GCC_DYNAMIC_NO_PIC = NO;
				GCC_NO_COMMON_BLOCKS = YES;
				GCC_OPTIMIZATION_LEVEL = 0;
				GCC_PREPROCESSOR_DEFINITIONS = (
					"DEBUG=1",
					"$(inherited)",
				);
				GCC_WARN_64_TO_32_BIT_CONVERSION = YES;
				GCC_WARN_ABOUT_RETURN_TYPE = YES_ERROR;
				GCC_WARN_UNDECLARED_SELECTOR = YES;
				GCC_WARN_UNINITIALIZED_AUTOS = YES_AGGRESSIVE;
				GCC_WARN_UNUSED_FUNCTION = YES;
				GCC_WARN_UNUSED_VARIABLE = YES;
				IPHONEOS_DEPLOYMENT_TARGET = 10.3;
				MTL_ENABLE_DEBUG_INFO = YES;
				ONLY_ACTIVE_ARCH = YES;
				SDKROOT = iphoneos;
			};
			name = Debug;
		};
		A2EAA5F71EC37FEB00C61A94 /* Release */ = {
			isa = XCBuildConfiguration;
			buildSettings = {
				ALWAYS_SEARCH_USER_PATHS = NO;
				CLANG_ANALYZER_NONNULL = YES;
				CLANG_ANALYZER_NUMBER_OBJECT_CONVERSION = YES_AGGRESSIVE;
				CLANG_CXX_LANGUAGE_STANDARD = "gnu++0x";
				CLANG_CXX_LIBRARY = "libc++";
				CLANG_ENABLE_MODULES = YES;
				CLANG_ENABLE_OBJC_ARC = YES;
				CLANG_WARN_BOOL_CONVERSION = YES;
				CLANG_WARN_CONSTANT_CONVERSION = YES;
				CLANG_WARN_DIRECT_OBJC_ISA_USAGE = YES_ERROR;
				CLANG_WARN_DOCUMENTATION_COMMENTS = YES;
				CLANG_WARN_EMPTY_BODY = YES;
				CLANG_WARN_ENUM_CONVERSION = YES;
				CLANG_WARN_INFINITE_RECURSION = YES;
				CLANG_WARN_INT_CONVERSION = YES;
				CLANG_WARN_OBJC_ROOT_CLASS = YES_ERROR;
				CLANG_WARN_SUSPICIOUS_MOVE = YES;
				CLANG_WARN_UNREACHABLE_CODE = YES;
				CLANG_WARN__DUPLICATE_METHOD_MATCH = YES;
				"CODE_SIGN_IDENTITY[sdk=iphoneos*]" = "iPhone Developer";
				COPY_PHASE_STRIP = NO;
				DEBUG_INFORMATION_FORMAT = "dwarf-with-dsym";
				ENABLE_NS_ASSERTIONS = NO;
				ENABLE_STRICT_OBJC_MSGSEND = YES;
				GCC_C_LANGUAGE_STANDARD = gnu99;
				GCC_NO_COMMON_BLOCKS = YES;
				GCC_WARN_64_TO_32_BIT_CONVERSION = YES;
				GCC_WARN_ABOUT_RETURN_TYPE = YES_ERROR;
				GCC_WARN_UNDECLARED_SELECTOR = YES;
				GCC_WARN_UNINITIALIZED_AUTOS = YES_AGGRESSIVE;
				GCC_WARN_UNUSED_FUNCTION = YES;
				GCC_WARN_UNUSED_VARIABLE = YES;
				IPHONEOS_DEPLOYMENT_TARGET = 10.3;
				MTL_ENABLE_DEBUG_INFO = NO;
				SDKROOT = iphoneos;
				VALIDATE_PRODUCT = YES;
			};
			name = Release;
		};
		A2EAA5F91EC37FEB00C61A94 /* Debug */ = {
			isa = XCBuildConfiguration;
			buildSettings = {
				ASSETCATALOG_COMPILER_APPICON_NAME = AppIcon;
				INFOPLIST_FILE = stock/Info.plist;
				LD_RUNPATH_SEARCH_PATHS = "$(inherited) @executable_path/Frameworks";
				PRODUCT_BUNDLE_IDENTIFIER = com.zhangzehua.stock;
				PRODUCT_NAME = "$(TARGET_NAME)";
			};
			name = Debug;
		};
		A2EAA5FA1EC37FEB00C61A94 /* Release */ = {
			isa = XCBuildConfiguration;
			buildSettings = {
				ASSETCATALOG_COMPILER_APPICON_NAME = AppIcon;
				INFOPLIST_FILE = stock/Info.plist;
				LD_RUNPATH_SEARCH_PATHS = "$(inherited) @executable_path/Frameworks";
				PRODUCT_BUNDLE_IDENTIFIER = com.zhangzehua.stock;
				PRODUCT_NAME = "$(TARGET_NAME)";
			};
			name = Release;
		};
/* End XCBuildConfiguration section */

/* Begin XCConfigurationList section */
		A2EAA5DC1EC37FEB00C61A94 /* Build configuration list for PBXProject "stock" */ = {
			isa = XCConfigurationList;
			buildConfigurations = (
				A2EAA5F61EC37FEB00C61A94 /* Debug */,
				A2EAA5F71EC37FEB00C61A94 /* Release */,
			);
			defaultConfigurationIsVisible = 0;
			defaultConfigurationName = Release;
		};
		A2EAA5F81EC37FEB00C61A94 /* Build configuration list for PBXNativeTarget "stock" */ = {
			isa = XCConfigurationList;
			buildConfigurations = (
				A2EAA5F91EC37FEB00C61A94 /* Debug */,
				A2EAA5FA1EC37FEB00C61A94 /* Release */,
			);
			defaultConfigurationIsVisible = 0;
			defaultConfigurationName = Release;
		};
/* End XCConfigurationList section */
	};
	rootObject = A2EAA5D91EC37FEB00C61A94 /* Project object */;
}
